
Microsoft Visual Studio Solution File, Format Version 12.00
# Visual Studio 2012
Project("{FAE04EC0-301F-11D3-BF4B-00C04F79EFBC}") = "housing", "housing\housing.csproj", "{0CBB5AF3-1BDC-4E57-97BA-BC621BF5274F}"
EndProject
Global
	GlobalSection(SolutionConfigurationPlatforms) = preSolution
		Debug|Any CPU = Debug|Any CPU
		Release|Any CPU = Release|Any CPU
	EndGlobalSection
	GlobalSection(ProjectConfigurationPlatforms) = postSolution
		{0CBB5AF3-1BDC-4E57-97BA-BC621BF5274F}.Debug|Any CPU.ActiveCfg = Debug|Any CPU
		{0CBB5AF3-1BDC-4E57-97BA-BC621BF5274F}.Debug|Any CPU.Build.0 = Debug|Any CPU
		{0CBB5AF3-1BDC-4E57-97BA-BC621BF5274F}.Release|Any CPU.ActiveCfg = Release|Any CPU
		{0CBB5AF3-1BDC-4E57-97BA-BC621BF5274F}.Release|Any CPU.Build.0 = Release|Any CPU
	EndGlobalSection
	GlobalSection(SolutionProperties) = preSolution
		HideSolutionNode = FALSE
	EndGlobalSection
EndGlobal
