
Microsoft Visual Studio Solution File, Format Version 12.00
# Visual Studio 15
VisualStudioVersion = 15.0.27428.2027
MinimumVisualStudioVersion = 10.0.40219.1
Project("{FAE04EC0-301F-11D3-BF4B-00C04F79EFBC}") = "Amazing_charts_sample_program_wpf", "Amazing_charts_sample_program_wpf\Amazing_charts_sample_program_wpf.csproj", "{F902A1F4-4742-4151-9C8E-02EBDCFBEC2D}"
EndProject
Project("{FAE04EC0-301F-11D3-BF4B-00C04F79EFBC}") = "Amazing_charts_sample_program", "..\Amazing_charts_sample_program\Amazing_charts_sample_program\Amazing_charts_sample_program.csproj", "{6785CCD7-6987-431B-A73B-BB894172DECF}"
EndProject
Global
	GlobalSection(SolutionConfigurationPlatforms) = preSolution
		Debug|Any CPU = Debug|Any CPU
		Release|Any CPU = Release|Any CPU
	EndGlobalSection
	GlobalSection(ProjectConfigurationPlatforms) = postSolution
		{F902A1F4-4742-4151-9C8E-02EBDCFBEC2D}.Debug|Any CPU.ActiveCfg = Debug|Any CPU
		{F902A1F4-4742-4151-9C8E-02EBDCFBEC2D}.Debug|Any CPU.Build.0 = Debug|Any CPU
		{F902A1F4-4742-4151-9C8E-02EBDCFBEC2D}.Release|Any CPU.ActiveCfg = Release|Any CPU
		{F902A1F4-4742-4151-9C8E-02EBDCFBEC2D}.Release|Any CPU.Build.0 = Release|Any CPU
		{6785CCD7-6987-431B-A73B-BB894172DECF}.Debug|Any CPU.ActiveCfg = Debug|Any CPU
		{6785CCD7-6987-431B-A73B-BB894172DECF}.Debug|Any CPU.Build.0 = Debug|Any CPU
		{6785CCD7-6987-431B-A73B-BB894172DECF}.Release|Any CPU.ActiveCfg = Release|Any CPU
		{6785CCD7-6987-431B-A73B-BB894172DECF}.Release|Any CPU.Build.0 = Release|Any CPU
	EndGlobalSection
	GlobalSection(SolutionProperties) = preSolution
		HideSolutionNode = FALSE
	EndGlobalSection
	GlobalSection(ExtensibilityGlobals) = postSolution
		SolutionGuid = {1A177753-AB3D-4269-BF15-21D777E47554}
	EndGlobalSection
EndGlobal
